<Solution>
  <Folder Name="/scripts/">
    <File Path="scripts/Start-CSharpDbAdminAndDaemon.ps1" />
  </Folder>
  <Folder Name="/samples/">
    <Project Path="samples/collection-indexing/CollectionIndexingSample.csproj" />
    <Project Path="samples/csv-bulk-import/CsvBulkImportSample.csproj" />
  </Folder>
  <Folder Name="/src/">
    <Project Path="src/CSharpDB/CSharpDB.csproj" />
    <Project Path="src/CSharpDB.Primitives/CSharpDB.Primitives.csproj" />
    <Project Path="src/CSharpDB.Pipelines/CSharpDB.Pipelines.csproj" />
    <Project Path="src/CSharpDB.Client/CSharpDB.Client.csproj" />
    <Project Path="src/CSharpDB.Engine/CSharpDB.Engine.csproj" />
    <Project Path="src/CSharpDB.Generators/CSharpDB.Generators.csproj" />
    <Project Path="src/CSharpDB.Execution/CSharpDB.Execution.csproj" />
    <Project Path="src/CSharpDB.Sql/CSharpDB.Sql.csproj" />
    <Project Path="src/CSharpDB.Storage/CSharpDB.Storage.csproj" />
    <Project Path="src/CSharpDB.Storage.Diagnostics/CSharpDB.Storage.Diagnostics.csproj" />
    <Project Path="src/CSharpDB.Cli/CSharpDB.Cli.csproj" />
    <Project Path="src/CSharpDB.Data/CSharpDB.Data.csproj" />
    <Project Path="src/CSharpDB.Admin/CSharpDB.Admin.csproj" />
    <Project Path="src/CSharpDB.Admin.Forms/CSharpDB.Admin.Forms.csproj" />
    <Project Path="src/CSharpDB.Admin.Reports/CSharpDB.Admin.Reports.csproj" />
    <Project Path="src/CSharpDB.Api/CSharpDB.Api.csproj" />
    <Project Path="src/CSharpDB.Daemon/CSharpDB.Daemon.csproj" />
    <Project Path="src/CSharpDB.Mcp/CSharpDB.Mcp.csproj" />
  </Folder>
  <Folder Name="/tests/">
    <Project Path="tests/CSharpDB.Tests/CSharpDB.Tests.csproj" />
    <Project Path="tests/CSharpDB.Pipelines.Tests/CSharpDB.Pipelines.Tests.csproj" />
    <Project Path="tests/CSharpDB.Data.Tests/CSharpDB.Data.Tests.csproj" />
    <Project Path="tests/CSharpDB.Cli.Tests/CSharpDB.Cli.Tests.csproj" />
    <Project Path="tests/CSharpDB.Api.Tests/CSharpDB.Api.Tests.csproj" />
    <Project Path="tests/CSharpDB.Daemon.Tests/CSharpDB.Daemon.Tests.csproj" />
    <Project Path="tests/CSharpDB.Admin.Forms.Tests/CSharpDB.Admin.Forms.Tests.csproj" />
    <Project Path="tests/CSharpDB.Admin.Reports.Tests/CSharpDB.Admin.Reports.Tests.csproj" />
    <Project Path="tests/CSharpDB.Benchmarks/CSharpDB.Benchmarks.csproj" />
    <Project Path="tests/CSharpDB.DataGen/CSharpDB.DataGen.csproj" />
  </Folder>
  <Folder Name="/tutorials/" />
  <Folder Name="/tutorials/storage/">
    <Project Path="samples/storage-tutorials/examples/StorageStudyExamples.ConfigStore/StorageStudyExamples.ConfigStore.csproj" />
    <Project Path="samples/storage-tutorials/examples/StorageStudyExamples.Core/StorageStudyExamples.Core.csproj" />
    <Project Path="samples/storage-tutorials/examples/StorageStudyExamples.EventLog/StorageStudyExamples.EventLog.csproj" />
    <Project Path="samples/storage-tutorials/examples/StorageStudyExamples.GraphStore/StorageStudyExamples.GraphStore.csproj" />
    <Project Path="samples/storage-tutorials/examples/StorageStudyExamples.Repl/StorageStudyExamples.Repl.csproj" />
    <Project Path="samples/storage-tutorials/examples/StorageStudyExamples.StorageInternals/StorageStudyExamples.StorageInternals.csproj" />
    <Project Path="samples/storage-tutorials/examples/StorageStudyExamples.TaskQueue/StorageStudyExamples.TaskQueue.csproj" />
    <Project Path="samples/storage-tutorials/examples/StorageStudyExamples.VirtualDrive/StorageStudyExamples.VirtualDrive.csproj" />
  </Folder>
</Solution>
